
Microsoft Visual Studio Solution File, Format Version 12.00
# Visual Studio Version 16
VisualStudioVersion = 16.0.30611.23
MinimumVisualStudioVersion = 10.0.40219.1
Project("{FAE04EC0-301F-11D3-BF4B-00C04F79EFBC}") = "GenerateSignature", "GenerateSignature\GenerateSignature.csproj", "{F04D8C4A-8687-4417-8FA5-96B80183A227}"
EndProject
Global
	GlobalSection(SolutionConfigurationPlatforms) = preSolution
		Debug|Any CPU = Debug|Any CPU
		Release|Any CPU = Release|Any CPU
	EndGlobalSection
	GlobalSection(ProjectConfigurationPlatforms) = postSolution
		{F04D8C4A-8687-4417-8FA5-96B80183A227}.Debug|Any CPU.ActiveCfg = Debug|Any CPU
		{F04D8C4A-8687-4417-8FA5-96B80183A227}.Debug|Any CPU.Build.0 = Debug|Any CPU
		{F04D8C4A-8687-4417-8FA5-96B80183A227}.Release|Any CPU.ActiveCfg = Release|Any CPU
		{F04D8C4A-8687-4417-8FA5-96B80183A227}.Release|Any CPU.Build.0 = Release|Any CPU
	EndGlobalSection
	GlobalSection(SolutionProperties) = preSolution
		HideSolutionNode = FALSE
	EndGlobalSection
	GlobalSection(ExtensibilityGlobals) = postSolution
		SolutionGuid = {E3E50C6B-AD1B-4FD8-9E7C-C3F1E2365BB1}
	EndGlobalSection
EndGlobal
